// !$*UTF8*$!
{
	archiveVersion = 1;
	classes = {
	};
	objectVersion = 46;
	objects = {

/* Begin PBXBuildFile section */
		91ECE2CD15B6885F00709C10 /* UIKit.framework in Frameworks */ = {isa = PBXBuildFile; fileRef = 91ECE2CC15B6885F00709C10 /* UIKit.framework */; };
		91ECE2CF15B6885F00709C10 /* Foundation.framework in Frameworks */ = {isa = PBXBuildFile; fileRef = 91ECE2CE15B6885F00709C10 /* Foundation.framework */; };
		91ECE2D115B6885F00709C10 /* CoreGraphics.framework in Frameworks */ = {isa = PBXBuildFile; fileRef = 91ECE2D015B6885F00709C10 /* CoreGraphics.framework */; };
		91ECE2D715B6885F00709C10 /* InfoPlist.strings in Resources */ = {isa = PBXBuildFile; fileRef = 91ECE2D515B6885F00709C10 /* InfoPlist.strings */; };
		91ECE2D915B6885F00709C10 /* main.m in Sources */ = {isa = PBXBuildFile; fileRef = 91ECE2D815B6885F00709C10 /* main.m */; };
		91ECE2DD15B6885F00709C10 /* AppDelegate.m in Sources */ = {isa = PBXBuildFile; fileRef = 91ECE2DC15B6885F00709C10 /* AppDelegate.m */; };
		91ECE2E015B6885F00709C10 /* ViewController.m in Sources */ = {isa = PBXBuildFile; fileRef = 91ECE2DF15B6885F00709C10 /* ViewController.m */; };
		91ECE2E315B6885F00709C10 /* ViewController.xib in Resources */ = {isa = PBXBuildFile; fileRef = 91ECE2E115B6885F00709C10 /* ViewController.xib */; };
/* End PBXBuildFile section */

/* Begin PBXFileReference section */
		91ECE2C815B6885E00709C10 /* Learn18Geocode.app */ = {isa = PBXFileReference; explicitFileType = wrapper.application; includeInIndex = 0; path = Learn18Geocode.app; sourceTree = BUILT_PRODUCTS_DIR; };
		91ECE2CC15B6885F00709C10 /* UIKit.framework */ = {isa = PBXFileReference; lastKnownFileType = wrapper.framework; name = UIKit.framework; path = System/Library/Frameworks/UIKit.framework; sourceTree = SDKROOT; };
		91ECE2CE15B6885F00709C10 /* Foundation.framework */ = {isa = PBXFileReference; lastKnownFileType = wrapper.framework; name = Foundation.framework; path = System/Library/Frameworks/Foundation.framework; sourceTree = SDKROOT; };
		91ECE2D015B6885F00709C10 /* CoreGraphics.framework */ = {isa = PBXFileReference; lastKnownFileType = wrapper.framework; name = CoreGraphics.framework; path = System/Library/Frameworks/CoreGraphics.framework; sourceTree = SDKROOT; };
		91ECE2D415B6885F00709C10 /* Learn18Geocode-Info.plist */ = {isa = PBXFileReference; path = "Learn18Geocode-Info.plist"; sourceTree = "<group>"; };
		91ECE2D615B6885F00709C10 /* en */ = {isa = PBXFileReference; lastKnownFileType = text.plist.strings; name = en; path = en.lproj/InfoPlist.strings; sourceTree = "<group>"; };
		91ECE2D815B6885F00709C10 /* main.m */ = {isa = PBXFileReference; lastKnownFileType = sourcecode.c.objc; path = main.m; sourceTree = "<group>"; };
		91ECE2DA15B6885F00709C10 /* Learn18Geocode-Prefix.pch */ = {isa = PBXFileReference; path = "Learn18Geocode-Prefix.pch"; sourceTree = "<group>"; };
		91ECE2DB15B6885F00709C10 /* AppDelegate.h */ = {isa = PBXFileReference; path = AppDelegate.h; sourceTree = "<group>"; };
		91ECE2DC15B6885F00709C10 /* AppDelegate.m */ = {isa = PBXFileReference; lastKnownFileType = sourcecode.c.objc; path = AppDelegate.m; sourceTree = "<group>"; };
		91ECE2DE15B6885F00709C10 /* ViewController.h */ = {isa = PBXFileReference; path = ViewController.h; sourceTree = "<group>"; };
		91ECE2DF15B6885F00709C10 /* ViewController.m */ = {isa = PBXFileReference; lastKnownFileType = sourcecode.c.objc; path = ViewController.m; sourceTree = "<group>"; };
		91ECE2E215B6885F00709C10 /* en */ = {isa = PBXFileReference; lastKnownFileType = file.xib; name = en; path = en.lproj/ViewController.xib; sourceTree = "<group>"; };
/* End PBXFileReference section */

/* Begin PBXFrameworksBuildPhase section */
		91ECE2C515B6885E00709C10 /* Frameworks */ = {
			isa = PBXFrameworksBuildPhase;
			buildActionMask = 2147483647;
			files = (
				91ECE2CD15B6885F00709C10 /* UIKit.framework in Frameworks */,
				91ECE2CF15B6885F00709C10 /* Foundation.framework in Frameworks */,
				91ECE2D115B6885F00709C10 /* CoreGraphics.framework in Frameworks */,
			);
			runOnlyForDeploymentPostprocessing = 0;
		};
/* End PBXFrameworksBuildPhase section */

/* Begin PBXGroup section */
		91ECE2BD15B6885E00709C10 = {
			isa = PBXGroup;
			children = (
				91ECE2D215B6885F00709C10 /* Learn18Geocode */,
				91ECE2CB15B6885E00709C10 /* Frameworks */,
				91ECE2C915B6885E00709C10 /* Products */,
			);
			sourceTree = "<group>";
		};
		91ECE2C915B6885E00709C10 /* Products */ = {
			isa = PBXGroup;
			children = (
				91ECE2C815B6885E00709C10 /* Learn18Geocode.app */,
			);
			name = Products;
			sourceTree = "<group>";
		};
		91ECE2CB15B6885E00709C10 /* Frameworks */ = {
			isa = PBXGroup;
			children = (
				91ECE2CC15B6885F00709C10 /* UIKit.framework */,
				91ECE2CE15B6885F00709C10 /* Foundation.framework */,
				91ECE2D015B6885F00709C10 /* CoreGraphics.framework */,
			);
			name = Frameworks;
			sourceTree = "<group>";
		};
		91ECE2D215B6885F00709C10 /* Learn18Geocode */ = {
			isa = PBXGroup;
			children = (
				91ECE2DB15B6885F00709C10 /* AppDelegate.h */,
				91ECE2DC15B6885F00709C10 /* AppDelegate.m */,
				91ECE2DE15B6885F00709C10 /* ViewController.h */,
				91ECE2DF15B6885F00709C10 /* ViewController.m */,
				91ECE2E115B6885F00709C10 /* ViewController.xib */,
				91ECE2D315B6885F00709C10 /* Supporting Files */,
			);
			path = Learn18Geocode;
			sourceTree = "<group>";
		};
		91ECE2D315B6885F00709C10 /* Supporting Files */ = {
			isa = PBXGroup;
			children = (
				91ECE2D415B6885F00709C10 /* Learn18Geocode-Info.plist */,
				91ECE2D515B6885F00709C10 /* InfoPlist.strings */,
				91ECE2D815B6885F00709C10 /* main.m */,
				91ECE2DA15B6885F00709C10 /* Learn18Geocode-Prefix.pch */,
			);
			name = "Supporting Files";
			sourceTree = "<group>";
		};
/* End PBXGroup section */

/* Begin PBXNativeTarget section */
		91ECE2C715B6885E00709C10 /* Learn18Geocode */ = {
			isa = PBXNativeTarget;
			buildConfigurationList = 91ECE2E615B6885F00709C10 /* Build configuration list for PBXNativeTarget "Learn18Geocode" */;
			buildPhases = (
				91ECE2C415B6885E00709C10 /* Sources */,
				91ECE2C515B6885E00709C10 /* Frameworks */,
				91ECE2C615B6885E00709C10 /* Resources */,
			);
			buildRules = (
			);
			dependencies = (
			);
			name = Learn18Geocode;
			productName = Learn18Geocode;
			productReference = 91ECE2C815B6885E00709C10 /* Learn18Geocode.app */;
			productType = "com.apple.product-type.application";
		};
/* End PBXNativeTarget section */

/* Begin PBXProject section */
		91ECE2BF15B6885E00709C10 /* Project object */ = {
			isa = PBXProject;
			attributes = {
				LastUpgradeCheck = 0420;
			};
			buildConfigurationList = 91ECE2C215B6885E00709C10 /* Build configuration list for PBXProject "Learn18Geocode" */;
			compatibilityVersion = "Xcode 3.2";
			developmentRegion = English;
			hasScannedForEncodings = 0;
			knownRegions = (
				en,
			);
			mainGroup = 91ECE2BD15B6885E00709C10;
			productRefGroup = 91ECE2C915B6885E00709C10 /* Products */;
			projectDirPath = "";
			projectRoot = "";
			targets = (
				91ECE2C715B6885E00709C10 /* Learn18Geocode */,
			);
		};
/* End PBXProject section */

/* Begin PBXResourcesBuildPhase section */
		91ECE2C615B6885E00709C10 /* Resources */ = {
			isa = PBXResourcesBuildPhase;
			buildActionMask = 2147483647;
			files = (
				91ECE2D715B6885F00709C10 /* InfoPlist.strings in Resources */,
				91ECE2E315B6885F00709C10 /* ViewController.xib in Resources */,
			);
			runOnlyForDeploymentPostprocessing = 0;
		};
/* End PBXResourcesBuildPhase section */

/* Begin PBXSourcesBuildPhase section */
		91ECE2C415B6885E00709C10 /* Sources */ = {
			isa = PBXSourcesBuildPhase;
			buildActionMask = 2147483647;
			files = (
				91ECE2D915B6885F00709C10 /* main.m in Sources */,
				91ECE2DD15B6885F00709C10 /* AppDelegate.m in Sources */,
				91ECE2E015B6885F00709C10 /* ViewController.m in Sources */,
			);
			runOnlyForDeploymentPostprocessing = 0;
		};
/* End PBXSourcesBuildPhase section */

/* Begin PBXVariantGroup section */
		91ECE2D515B6885F00709C10 /* InfoPlist.strings */ = {
			isa = PBXVariantGroup;
			children = (
				91ECE2D615B6885F00709C10 /* en */,
			);
			name = InfoPlist.strings;
			sourceTree = "<group>";
		};
		91ECE2E115B6885F00709C10 /* ViewController.xib */ = {
			isa = PBXVariantGroup;
			children = (
				91ECE2E215B6885F00709C10 /* en */,
			);
			name = ViewController.xib;
			sourceTree = "<group>";
		};
/* End PBXVariantGroup section */

/* Begin XCBuildConfiguration section */
		91ECE2E415B6885F00709C10 /* Debug */ = {
			isa = XCBuildConfiguration;
			buildSettings = {
				ALWAYS_SEARCH_USER_PATHS = NO;
				ARCHS = "$(ARCHS_STANDARD_32_BIT)";
				CLANG_ENABLE_OBJC_ARC = YES;
				"CODE_SIGN_IDENTITY[sdk=iphoneos*]" = "iPhone Developer";
				COPY_PHASE_STRIP = NO;
				GCC_C_LANGUAGE_STANDARD = gnu99;
				GCC_DYNAMIC_NO_PIC = NO;
				GCC_OPTIMIZATION_LEVEL = 0;
				GCC_PREPROCESSOR_DEFINITIONS = (
					"DEBUG=1",
					"$(inherited)",
				);
				GCC_SYMBOLS_PRIVATE_EXTERN = NO;
				GCC_VERSION = com.apple.compilers.llvm.clang.1_0;
				GCC_WARN_ABOUT_MISSING_PROTOTYPES = YES;
				GCC_WARN_ABOUT_RETURN_TYPE = YES;
				GCC_WARN_UNUSED_VARIABLE = YES;
				IPHONEOS_DEPLOYMENT_TARGET = 5.1;
				SDKROOT = iphoneos;
			};
			name = Debug;
		};
		91ECE2E515B6885F00709C10 /* Release */ = {
			isa = XCBuildConfiguration;
			buildSettings = {
				ALWAYS_SEARCH_USER_PATHS = NO;
				ARCHS = "$(ARCHS_STANDARD_32_BIT)";
				CLANG_ENABLE_OBJC_ARC = YES;
				"CODE_SIGN_IDENTITY[sdk=iphoneos*]" = "iPhone Developer";
				COPY_PHASE_STRIP = YES;
				GCC_C_LANGUAGE_STANDARD = gnu99;
				GCC_VERSION = com.apple.compilers.llvm.clang.1_0;
				GCC_WARN_ABOUT_MISSING_PROTOTYPES = YES;
				GCC_WARN_ABOUT_RETURN_TYPE = YES;
				GCC_WARN_UNUSED_VARIABLE = YES;
				IPHONEOS_DEPLOYMENT_TARGET = 5.1;
				OTHER_CFLAGS = "-DNS_BLOCK_ASSERTIONS=1";
				SDKROOT = iphoneos;
				VALIDATE_PRODUCT = YES;
			};
			name = Release;
		};
		91ECE2E715B6885F00709C10 /* Debug */ = {
			isa = XCBuildConfiguration;
			buildSettings = {
				GCC_PRECOMPILE_PREFIX_HEADER = YES;
				GCC_PREFIX_HEADER = "Learn18Geocode/Learn18Geocode-Prefix.pch";
				INFOPLIST_FILE = "Learn18Geocode/Learn18Geocode-Info.plist";
				PRODUCT_NAME = "$(TARGET_NAME)";
				WRAPPER_EXTENSION = app;
			};
			name = Debug;
		};
		91ECE2E815B6885F00709C10 /* Release */ = {
			isa = XCBuildConfiguration;
			buildSettings = {
				GCC_PRECOMPILE_PREFIX_HEADER = YES;
				GCC_PREFIX_HEADER = "Learn18Geocode/Learn18Geocode-Prefix.pch";
				INFOPLIST_FILE = "Learn18Geocode/Learn18Geocode-Info.plist";
				PRODUCT_NAME = "$(TARGET_NAME)";
				WRAPPER_EXTENSION = app;
			};
			name = Release;
		};
/* End XCBuildConfiguration section */

/* Begin XCConfigurationList section */
		91ECE2C215B6885E00709C10 /* Build configuration list for PBXProject "Learn18Geocode" */ = {
			isa = XCConfigurationList;
			buildConfigurations = (
				91ECE2E415B6885F00709C10 /* Debug */,
				91ECE2E515B6885F00709C10 /* Release */,
			);
			defaultConfigurationIsVisible = 0;
			defaultConfigurationName = Release;
		};
		91ECE2E615B6885F00709C10 /* Build configuration list for PBXNativeTarget "Learn18Geocode" */ = {
			isa = XCConfigurationList;
			buildConfigurations = (
				91ECE2E715B6885F00709C10 /* Debug */,
				91ECE2E815B6885F00709C10 /* Release */,
			);
			defaultConfigurationIsVisible = 0;
		};
/* End XCConfigurationList section */
	};
	rootObject = 91ECE2BF15B6885E00709C10 /* Project object */;
}
